
Microsoft Visual Studio Solution File, Format Version 12.00
# Visual Studio 15
VisualStudioVersion = 15.0.28307.329
MinimumVisualStudioVersion = 10.0.40219.1
Project("{FAE04EC0-301F-11D3-BF4B-00C04F79EFBC}") = "MDOUMakeMenu", "MDOUMakeMenu\MDOUMakeMenu.csproj", "{FFC73B44-6CDB-42C3-8BD8-90E8CF898494}"
EndProject
Global
	GlobalSection(SolutionConfigurationPlatforms) = preSolution
		Debug|Any CPU = Debug|Any CPU
		Release|Any CPU = Release|Any CPU
	EndGlobalSection
	GlobalSection(ProjectConfigurationPlatforms) = postSolution
		{FFC73B44-6CDB-42C3-8BD8-90E8CF898494}.Debug|Any CPU.ActiveCfg = Debug|Any CPU
		{FFC73B44-6CDB-42C3-8BD8-90E8CF898494}.Debug|Any CPU.Build.0 = Debug|Any CPU
		{FFC73B44-6CDB-42C3-8BD8-90E8CF898494}.Release|Any CPU.ActiveCfg = Release|Any CPU
		{FFC73B44-6CDB-42C3-8BD8-90E8CF898494}.Release|Any CPU.Build.0 = Release|Any CPU
	EndGlobalSection
	GlobalSection(SolutionProperties) = preSolution
		HideSolutionNode = FALSE
	EndGlobalSection
	GlobalSection(ExtensibilityGlobals) = postSolution
		SolutionGuid = {0F19D929-E0E4-4906-93ED-02EA9743A725}
	EndGlobalSection
EndGlobal
